
Microsoft Visual Studio Solution File, Format Version 12.00
# Visual Studio 15
VisualStudioVersion = 15.0.28010.2036
MinimumVisualStudioVersion = 10.0.40219.1
Project("{FAE04EC0-301F-11D3-BF4B-00C04F79EFBC}") = "BotBuilder.Luis.TranslatorMiddleware", "BotBuilder.Luis.TranslatorMiddleware.csproj", "{4C0FA2BD-0399-479E-A28F-C1A5D4ADAF0E}"
EndProject
Global
	GlobalSection(SolutionConfigurationPlatforms) = preSolution
		Debug|Any CPU = Debug|Any CPU
		Release|Any CPU = Release|Any CPU
	EndGlobalSection
	GlobalSection(ProjectConfigurationPlatforms) = postSolution
		{4C0FA2BD-0399-479E-A28F-C1A5D4ADAF0E}.Debug|Any CPU.ActiveCfg = Debug|Any CPU
		{4C0FA2BD-0399-479E-A28F-C1A5D4ADAF0E}.Debug|Any CPU.Build.0 = Debug|Any CPU
		{4C0FA2BD-0399-479E-A28F-C1A5D4ADAF0E}.Release|Any CPU.ActiveCfg = Release|Any CPU
		{4C0FA2BD-0399-479E-A28F-C1A5D4ADAF0E}.Release|Any CPU.Build.0 = Release|Any CPU
	EndGlobalSection
	GlobalSection(SolutionProperties) = preSolution
		HideSolutionNode = FALSE
	EndGlobalSection
	GlobalSection(ExtensibilityGlobals) = postSolution
		SolutionGuid = {A38B007B-B2AC-4550-BA10-3709E3443CDE}
	EndGlobalSection
EndGlobal
